// !$*UTF8*$!
{
	archiveVersion = 1;
	classes = {
	};
	objectVersion = 50;
	objects = {

/* Begin PBXBuildFile section */
		8D13C67A277CD4480079606A /* AppDelegate.swift in Sources */ = {isa = PBXBuildFile; fileRef = 8D13C679277CD4480079606A /* AppDelegate.swift */; };
		8D13C67C277CD4480079606A /* SceneDelegate.swift in Sources */ = {isa = PBXBuildFile; fileRef = 8D13C67B277CD4480079606A /* SceneDelegate.swift */; };
		8D13C67E277CD4480079606A /* TableViewController.swift in Sources */ = {isa = PBXBuildFile; fileRef = 8D13C67D277CD4480079606A /* TableViewController.swift */; };
		8D13C681277CD4480079606A /* Main.storyboard in Resources */ = {isa = PBXBuildFile; fileRef = 8D13C67F277CD4480079606A /* Main.storyboard */; };
		8D13C683277CD4500079606A /* Assets.xcassets in Resources */ = {isa = PBXBuildFile; fileRef = 8D13C682277CD4500079606A /* Assets.xcassets */; };
		8D13C686277CD4500079606A /* LaunchScreen.storyboard in Resources */ = {isa = PBXBuildFile; fileRef = 8D13C684277CD4500079606A /* LaunchScreen.storyboard */; };
		8D13C68E277CE0320079606A /* DataManager.swift in Sources */ = {isa = PBXBuildFile; fileRef = 8D13C68D277CE0320079606A /* DataManager.swift */; };
		8D13C690277CE1F10079606A /* PersonsModel.swift in Sources */ = {isa = PBXBuildFile; fileRef = 8D13C68F277CE1F10079606A /* PersonsModel.swift */; };
		8D13C694277CFE4D0079606A /* InfoViewController.swift in Sources */ = {isa = PBXBuildFile; fileRef = 8D13C693277CFE4D0079606A /* InfoViewController.swift */; };
		8D13C696277D12AF0079606A /* SectionListViewController.swift in Sources */ = {isa = PBXBuildFile; fileRef = 8D13C695277D12AF0079606A /* SectionListViewController.swift */; };
/* End PBXBuildFile section */

/* Begin PBXFileReference section */
		8D13C676277CD4470079606A /* ContactApp.app */ = {isa = PBXFileReference; explicitFileType = wrapper.application; includeInIndex = 0; path = ContactApp.app; sourceTree = BUILT_PRODUCTS_DIR; };
		8D13C679277CD4480079606A /* AppDelegate.swift */ = {isa = PBXFileReference; lastKnownFileType = sourcecode.swift; path = AppDelegate.swift; sourceTree = "<group>"; };
		8D13C67B277CD4480079606A /* SceneDelegate.swift */ = {isa = PBXFileReference; lastKnownFileType = sourcecode.swift; path = SceneDelegate.swift; sourceTree = "<group>"; };
		8D13C67D277CD4480079606A /* TableViewController.swift */ = {isa = PBXFileReference; lastKnownFileType = sourcecode.swift; path = TableViewController.swift; sourceTree = "<group>"; };
		8D13C680277CD4480079606A /* Base */ = {isa = PBXFileReference; lastKnownFileType = file.storyboard; name = Base; path = Base.lproj/Main.storyboard; sourceTree = "<group>"; };
		8D13C682277CD4500079606A /* Assets.xcassets */ = {isa = PBXFileReference; lastKnownFileType = folder.assetcatalog; path = Assets.xcassets; sourceTree = "<group>"; };
		8D13C685277CD4500079606A /* Base */ = {isa = PBXFileReference; lastKnownFileType = file.storyboard; name = Base; path = Base.lproj/LaunchScreen.storyboard; sourceTree = "<group>"; };
		8D13C687277CD4500079606A /* Info.plist */ = {isa = PBXFileReference; lastKnownFileType = text.plist.xml; path = Info.plist; sourceTree = "<group>"; };
		8D13C68D277CE0320079606A /* DataManager.swift */ = {isa = PBXFileReference; lastKnownFileType = sourcecode.swift; path = DataManager.swift; sourceTree = "<group>"; };
		8D13C68F277CE1F10079606A /* PersonsModel.swift */ = {isa = PBXFileReference; lastKnownFileType = sourcecode.swift; path = PersonsModel.swift; sourceTree = "<group>"; };
		8D13C693277CFE4D0079606A /* InfoViewController.swift */ = {isa = PBXFileReference; lastKnownFileType = sourcecode.swift; path = InfoViewController.swift; sourceTree = "<group>"; };
		8D13C695277D12AF0079606A /* SectionListViewController.swift */ = {isa = PBXFileReference; lastKnownFileType = sourcecode.swift; path = SectionListViewController.swift; sourceTree = "<group>"; };
/* End PBXFileReference section */

/* Begin PBXFrameworksBuildPhase section */
		8D13C673277CD4470079606A /* Frameworks */ = {
			isa = PBXFrameworksBuildPhase;
			buildActionMask = 2147483647;
			files = (
			);
			runOnlyForDeploymentPostprocessing = 0;
		};
/* End PBXFrameworksBuildPhase section */

/* Begin PBXGroup section */
		8D13C66D277CD4470079606A = {
			isa = PBXGroup;
			children = (
				8D13C678277CD4470079606A /* ContactApp */,
				8D13C677277CD4470079606A /* Products */,
			);
			sourceTree = "<group>";
		};
		8D13C677277CD4470079606A /* Products */ = {
			isa = PBXGroup;
			children = (
				8D13C676277CD4470079606A /* ContactApp.app */,
			);
			name = Products;
			sourceTree = "<group>";
		};
		8D13C678277CD4470079606A /* ContactApp */ = {
			isa = PBXGroup;
			children = (
				8D13C679277CD4480079606A /* AppDelegate.swift */,
				8D13C67B277CD4480079606A /* SceneDelegate.swift */,
				8D13C695277D12AF0079606A /* SectionListViewController.swift */,
				8D13C67D277CD4480079606A /* TableViewController.swift */,
				8D13C693277CFE4D0079606A /* InfoViewController.swift */,
				8D13C67F277CD4480079606A /* Main.storyboard */,
				8D13C68D277CE0320079606A /* DataManager.swift */,
				8D13C68F277CE1F10079606A /* PersonsModel.swift */,
				8D13C682277CD4500079606A /* Assets.xcassets */,
				8D13C684277CD4500079606A /* LaunchScreen.storyboard */,
				8D13C687277CD4500079606A /* Info.plist */,
			);
			path = ContactApp;
			sourceTree = "<group>";
		};
/* End PBXGroup section */

/* Begin PBXNativeTarget section */
		8D13C675277CD4470079606A /* ContactApp */ = {
			isa = PBXNativeTarget;
			buildConfigurationList = 8D13C68A277CD4500079606A /* Build configuration list for PBXNativeTarget "ContactApp" */;
			buildPhases = (
				8D13C672277CD4470079606A /* Sources */,
				8D13C673277CD4470079606A /* Frameworks */,
				8D13C674277CD4470079606A /* Resources */,
			);
			buildRules = (
			);
			dependencies = (
			);
			name = ContactApp;
			productName = ContactApp;
			productReference = 8D13C676277CD4470079606A /* ContactApp.app */;
			productType = "com.apple.product-type.application";
		};
/* End PBXNativeTarget section */

/* Begin PBXProject section */
		8D13C66E277CD4470079606A /* Project object */ = {
			isa = PBXProject;
			attributes = {
				LastSwiftUpdateCheck = 1130;
				LastUpgradeCheck = 1130;
				ORGANIZATIONNAME = "Anna Melekhina";
				TargetAttributes = {
					8D13C675277CD4470079606A = {
						CreatedOnToolsVersion = 11.3.1;
					};
				};
			};
			buildConfigurationList = 8D13C671277CD4470079606A /* Build configuration list for PBXProject "ContactApp" */;
			compatibilityVersion = "Xcode 9.3";
			developmentRegion = en;
			hasScannedForEncodings = 0;
			knownRegions = (
				en,
				Base,
			);
			mainGroup = 8D13C66D277CD4470079606A;
			productRefGroup = 8D13C677277CD4470079606A /* Products */;
			projectDirPath = "";
			projectRoot = "";
			targets = (
				8D13C675277CD4470079606A /* ContactApp */,
			);
		};
/* End PBXProject section */

/* Begin PBXResourcesBuildPhase section */
		8D13C674277CD4470079606A /* Resources */ = {
			isa = PBXResourcesBuildPhase;
			buildActionMask = 2147483647;
			files = (
				8D13C686277CD4500079606A /* LaunchScreen.storyboard in Resources */,
				8D13C683277CD4500079606A /* Assets.xcassets in Resources */,
				8D13C681277CD4480079606A /* Main.storyboard in Resources */,
			);
			runOnlyForDeploymentPostprocessing = 0;
		};
/* End PBXResourcesBuildPhase section */

/* Begin PBXSourcesBuildPhase section */
		8D13C672277CD4470079606A /* Sources */ = {
			isa = PBXSourcesBuildPhase;
			buildActionMask = 2147483647;
			files = (
				8D13C67E277CD4480079606A /* TableViewController.swift in Sources */,
				8D13C696277D12AF0079606A /* SectionListViewController.swift in Sources */,
				8D13C68E277CE0320079606A /* DataManager.swift in Sources */,
				8D13C67A277CD4480079606A /* AppDelegate.swift in Sources */,
				8D13C690277CE1F10079606A /* PersonsModel.swift in Sources */,
				8D13C694277CFE4D0079606A /* InfoViewController.swift in Sources */,
				8D13C67C277CD4480079606A /* SceneDelegate.swift in Sources */,
			);
			runOnlyForDeploymentPostprocessing = 0;
		};
/* End PBXSourcesBuildPhase section */

/* Begin PBXVariantGroup section */
		8D13C67F277CD4480079606A /* Main.storyboard */ = {
			isa = PBXVariantGroup;
			children = (
				8D13C680277CD4480079606A /* Base */,
			);
			name = Main.storyboard;
			sourceTree = "<group>";
		};
		8D13C684277CD4500079606A /* LaunchScreen.storyboard */ = {
			isa = PBXVariantGroup;
			children = (
				8D13C685277CD4500079606A /* Base */,
			);
			name = LaunchScreen.storyboard;
			sourceTree = "<group>";
		};
/* End PBXVariantGroup section */

/* Begin XCBuildConfiguration section */
		8D13C688277CD4500079606A /* Debug */ = {
			isa = XCBuildConfiguration;
			buildSettings = {
				ALWAYS_SEARCH_USER_PATHS = NO;
				CLANG_ANALYZER_NONNULL = YES;
				CLANG_ANALYZER_NUMBER_OBJECT_CONVERSION = YES_AGGRESSIVE;
				CLANG_CXX_LANGUAGE_STANDARD = "gnu++14";
				CLANG_CXX_LIBRARY = "libc++";
				CLANG_ENABLE_MODULES = YES;
				CLANG_ENABLE_OBJC_ARC = YES;
				CLANG_ENABLE_OBJC_WEAK = YES;
				CLANG_WARN_BLOCK_CAPTURE_AUTORELEASING = YES;
				CLANG_WARN_BOOL_CONVERSION = YES;
				CLANG_WARN_COMMA = YES;
				CLANG_WARN_CONSTANT_CONVERSION = YES;
				CLANG_WARN_DEPRECATED_OBJC_IMPLEMENTATIONS = YES;
				CLANG_WARN_DIRECT_OBJC_ISA_USAGE = YES_ERROR;
				CLANG_WARN_DOCUMENTATION_COMMENTS = YES;
				CLANG_WARN_EMPTY_BODY = YES;
				CLANG_WARN_ENUM_CONVERSION = YES;
				CLANG_WARN_INFINITE_RECURSION = YES;
				CLANG_WARN_INT_CONVERSION = YES;
				CLANG_WARN_NON_LITERAL_NULL_CONVERSION = YES;
				CLANG_WARN_OBJC_IMPLICIT_RETAIN_SELF = YES;
				CLANG_WARN_OBJC_LITERAL_CONVERSION = YES;
				CLANG_WARN_OBJC_ROOT_CLASS = YES_ERROR;
				CLANG_WARN_RANGE_LOOP_ANALYSIS = YES;
				CLANG_WARN_STRICT_PROTOTYPES = YES;
				CLANG_WARN_SUSPICIOUS_MOVE = YES;
				CLANG_WARN_UNGUARDED_AVAILABILITY = YES_AGGRESSIVE;
				CLANG_WARN_UNREACHABLE_CODE = YES;
				CLANG_WARN__DUPLICATE_METHOD_MATCH = YES;
				COPY_PHASE_STRIP = NO;
				DEBUG_INFORMATION_FORMAT = dwarf;
				ENABLE_STRICT_OBJC_MSGSEND = YES;
				ENABLE_TESTABILITY = YES;
				GCC_C_LANGUAGE_STANDARD = gnu11;
				GCC_DYNAMIC_NO_PIC = NO;
				GCC_NO_COMMON_BLOCKS = YES;
				GCC_OPTIMIZATION_LEVEL = 0;
				GCC_PREPROCESSOR_DEFINITIONS = (
					"DEBUG=1",
					"$(inherited)",
				);
				GCC_WARN_64_TO_32_BIT_CONVERSION = YES;
				GCC_WARN_ABOUT_RETURN_TYPE = YES_ERROR;
				GCC_WARN_UNDECLARED_SELECTOR = YES;
				GCC_WARN_UNINITIALIZED_AUTOS = YES_AGGRESSIVE;
				GCC_WARN_UNUSED_FUNCTION = YES;
				GCC_WARN_UNUSED_VARIABLE = YES;
				IPHONEOS_DEPLOYMENT_TARGET = 13.2;
				MTL_ENABLE_DEBUG_INFO = INCLUDE_SOURCE;
				MTL_FAST_MATH = YES;
				ONLY_ACTIVE_ARCH = YES;
				SDKROOT = iphoneos;
				SWIFT_ACTIVE_COMPILATION_CONDITIONS = DEBUG;
				SWIFT_OPTIMIZATION_LEVEL = "-Onone";
			};
			name = Debug;
		};
		8D13C689277CD4500079606A /* Release */ = {
			isa = XCBuildConfiguration;
			buildSettings = {
				ALWAYS_SEARCH_USER_PATHS = NO;
				CLANG_ANALYZER_NONNULL = YES;
				CLANG_ANALYZER_NUMBER_OBJECT_CONVERSION = YES_AGGRESSIVE;
				CLANG_CXX_LANGUAGE_STANDARD = "gnu++14";
				CLANG_CXX_LIBRARY = "libc++";
				CLANG_ENABLE_MODULES = YES;
				CLANG_ENABLE_OBJC_ARC = YES;
				CLANG_ENABLE_OBJC_WEAK = YES;
				CLANG_WARN_BLOCK_CAPTURE_AUTORELEASING = YES;
				CLANG_WARN_BOOL_CONVERSION = YES;
				CLANG_WARN_COMMA = YES;
				CLANG_WARN_CONSTANT_CONVERSION = YES;
				CLANG_WARN_DEPRECATED_OBJC_IMPLEMENTATIONS = YES;
				CLANG_WARN_DIRECT_OBJC_ISA_USAGE = YES_ERROR;
				CLANG_WARN_DOCUMENTATION_COMMENTS = YES;
				CLANG_WARN_EMPTY_BODY = YES;
				CLANG_WARN_ENUM_CONVERSION = YES;
				CLANG_WARN_INFINITE_RECURSION = YES;
				CLANG_WARN_INT_CONVERSION = YES;
				CLANG_WARN_NON_LITERAL_NULL_CONVERSION = YES;
				CLANG_WARN_OBJC_IMPLICIT_RETAIN_SELF = YES;
				CLANG_WARN_OBJC_LITERAL_CONVERSION = YES;
				CLANG_WARN_OBJC_ROOT_CLASS = YES_ERROR;
				CLANG_WARN_RANGE_LOOP_ANALYSIS = YES;
				CLANG_WARN_STRICT_PROTOTYPES = YES;
				CLANG_WARN_SUSPICIOUS_MOVE = YES;
				CLANG_WARN_UNGUARDED_AVAILABILITY = YES_AGGRESSIVE;
				CLANG_WARN_UNREACHABLE_CODE = YES;
				CLANG_WARN__DUPLICATE_METHOD_MATCH = YES;
				COPY_PHASE_STRIP = NO;
				DEBUG_INFORMATION_FORMAT = "dwarf-with-dsym";
				ENABLE_NS_ASSERTIONS = NO;
				ENABLE_STRICT_OBJC_MSGSEND = YES;
				GCC_C_LANGUAGE_STANDARD = gnu11;
				GCC_NO_COMMON_BLOCKS = YES;
				GCC_WARN_64_TO_32_BIT_CONVERSION = YES;
				GCC_WARN_ABOUT_RETURN_TYPE = YES_ERROR;
				GCC_WARN_UNDECLARED_SELECTOR = YES;
				GCC_WARN_UNINITIALIZED_AUTOS = YES_AGGRESSIVE;
				GCC_WARN_UNUSED_FUNCTION = YES;
				GCC_WARN_UNUSED_VARIABLE = YES;
				IPHONEOS_DEPLOYMENT_TARGET = 13.2;
				MTL_ENABLE_DEBUG_INFO = NO;
				MTL_FAST_MATH = YES;
				SDKROOT = iphoneos;
				SWIFT_COMPILATION_MODE = wholemodule;
				SWIFT_OPTIMIZATION_LEVEL = "-O";
				VALIDATE_PRODUCT = YES;
			};
			name = Release;
		};
		8D13C68B277CD4500079606A /* Debug */ = {
			isa = XCBuildConfiguration;
			buildSettings = {
				ASSETCATALOG_COMPILER_APPICON_NAME = AppIcon;
				CODE_SIGN_STYLE = Automatic;
				INFOPLIST_FILE = ContactApp/Info.plist;
				LD_RUNPATH_SEARCH_PATHS = (
					"$(inherited)",
					"@executable_path/Frameworks",
				);
				PRODUCT_BUNDLE_IDENTIFIER = AnnaMelekhina.ContactApp;
				PRODUCT_NAME = "$(TARGET_NAME)";
				SWIFT_VERSION = 5.0;
				TARGETED_DEVICE_FAMILY = 1;
			};
			name = Debug;
		};
		8D13C68C277CD4500079606A /* Release */ = {
			isa = XCBuildConfiguration;
			buildSettings = {
				ASSETCATALOG_COMPILER_APPICON_NAME = AppIcon;
				CODE_SIGN_STYLE = Automatic;
				INFOPLIST_FILE = ContactApp/Info.plist;
				LD_RUNPATH_SEARCH_PATHS = (
					"$(inherited)",
					"@executable_path/Frameworks",
				);
				PRODUCT_BUNDLE_IDENTIFIER = AnnaMelekhina.ContactApp;
				PRODUCT_NAME = "$(TARGET_NAME)";
				SWIFT_VERSION = 5.0;
				TARGETED_DEVICE_FAMILY = 1;
			};
			name = Release;
		};
/* End XCBuildConfiguration section */

/* Begin XCConfigurationList section */
		8D13C671277CD4470079606A /* Build configuration list for PBXProject "ContactApp" */ = {
			isa = XCConfigurationList;
			buildConfigurations = (
				8D13C688277CD4500079606A /* Debug */,
				8D13C689277CD4500079606A /* Release */,
			);
			defaultConfigurationIsVisible = 0;
			defaultConfigurationName = Release;
		};
		8D13C68A277CD4500079606A /* Build configuration list for PBXNativeTarget "ContactApp" */ = {
			isa = XCConfigurationList;
			buildConfigurations = (
				8D13C68B277CD4500079606A /* Debug */,
				8D13C68C277CD4500079606A /* Release */,
			);
			defaultConfigurationIsVisible = 0;
			defaultConfigurationName = Release;
		};
/* End XCConfigurationList section */
	};
	rootObject = 8D13C66E277CD4470079606A /* Project object */;
}
